<?xml version="1.0" encoding="utf-8"?>
<Project ToolsVersion="4.0" xmlns="http://schemas.microsoft.com/developer/msbuild/2003">
  <ItemGroup>
    <ClInclude Include="StdAfx.h" />
    <ClInclude Include="TextField.h">
      <Filter>Components</Filter>
    </ClInclude>
    <ClInclude Include="IWinBase.h" />
    <ClInclude Include="ITitleBar.h" />
    <ClInclude Include="IUIManager.h" />
    <ClInclude Include="Wnd.h">
      <Filter>Components</Filter>
    </ClInclude>
    <ClInclude Include="WinBase.h">
      <Filter>Components</Filter>
    </ClInclude>
    <ClInclude Include="Align.h">
      <Filter>Components</Filter>
    </ClInclude>
    <ClInclude Include="Button.h">
      <Filter>Components</Filter>
    </ClInclude>
    <ClInclude Include="Container.h">
      <Filter>Components</Filter>
    </ClInclude>
    <ClInclude Include="KeyboardCursor.h">
      <Filter>Components</Filter>
    </ClInclude>
    <ClInclude Include="StaticText.h">
      <Filter>Components</Filter>
    </ClInclude>
    <ClInclude Include="ListBox.h">
      <Filter>Components</Filter>
    </ClInclude>
    <ClInclude Include="ImageBox.h">
      <Filter>Components</Filter>
    </ClInclude>
    <ClInclude Include="IEventHandler.h" />
    <ClInclude Include="EventHandler.h" />
    <ClInclude Include="IFileSelector.h" />
    <ClInclude Include="FileSelector.h">
      <Filter>Components</Filter>
    </ClInclude>
    <ClInclude Include="Scroller.h">
      <Filter>Components</Filter>
    </ClInclude>
    <ClInclude Include="ICheckbox.h" />
    <ClInclude Include="RadioBox.h">
      <Filter>Components</Filter>
    </ClInclude>
    <ClInclude Include="IRadioBox.h" />
    <ClInclude Include="HexagonalContextMenu.h">
      <Filter>Components</Filter>
    </ClInclude>
    <ClInclude Include="CardScroller.h">
      <Filter>Components</Filter>
    </ClInclude>
    <ClInclude Include="IUIAnimation.h" />
    <ClInclude Include="UIAnimation.h">
      <Filter>Animation</Filter>
    </ClInclude>
    <ClInclude Include="VerticalGauge.h">
      <Filter>Components</Filter>
    </ClInclude>
    <ClInclude Include="UIProperty.h" />
    <ClInclude Include="HorizontalGauge.h">
      <Filter>Components</Filter>
    </ClInclude>
    <ClInclude Include="NumericUpDown.h">
      <Filter>Components</Filter>
    </ClInclude>
    <ClInclude Include="ComponentType.h" />
    <ClInclude Include="UIManager.h" />
    <ClInclude Include="DropDown.h">
      <Filter>Components</Filter>
    </ClInclude>
    <ClInclude Include="TextBox.h">
      <Filter>Components</Filter>
    </ClInclude>
    <ClInclude Include="ButtonImages.h" />
    <ClInclude Include="CheckBox.h">
      <Filter>Components</Filter>
    </ClInclude>
    <ClInclude Include="ColorRampComp.h">
      <Filter>Components</Filter>
    </ClInclude>
    <ClInclude Include="NamedPortrait.h">
      <Filter>Components</Filter>
    </ClInclude>
    <ClInclude Include="VisibleStatus.h" />
    <ClInclude Include="UICommands.h" />
    <ClInclude Include="PropertyList.h">
      <Filter>Components</Filter>
    </ClInclude>
    <ClInclude Include="IUIEditor.h" />
    <ClInclude Include="DragBox.h" />
    <ClInclude Include="ListItem.h">
      <Filter>Components</Filter>
    </ClInclude>
    <ClInclude Include="ListBoxData.h" />
    <ClInclude Include="ListBoxDataSet.h" />
    <ClInclude Include="ListItemDataType.h" />
  </ItemGroup>
  <ItemGroup>
    <Filter Include="Components">
      <UniqueIdentifier>{681a5695-95b3-473f-9665-543f9a716444}</UniqueIdentifier>
    </Filter>
    <Filter Include="Animation">
      <UniqueIdentifier>{435c2949-5ad0-4113-9a3b-0fdbe1009562}</UniqueIdentifier>
    </Filter>
  </ItemGroup>
  <ItemGroup>
    <ClCompile Include="StdAfx.cpp" />
    <ClCompile Include="TextField.cpp">
      <Filter>Components</Filter>
    </ClCompile>
    <ClCompile Include="Wnd.cpp">
      <Filter>Components</Filter>
    </ClCompile>
    <ClCompile Include="WinBase.cpp">
      <Filter>Components</Filter>
    </ClCompile>
    <ClCompile Include="Button.cpp">
      <Filter>Components</Filter>
    </ClCompile>
    <ClCompile Include="Container.cpp">
      <Filter>Components</Filter>
    </ClCompile>
    <ClCompile Include="KeyboardCursor.cpp">
      <Filter>Components</Filter>
    </ClCompile>
    <ClCompile Include="StaticText.cpp">
      <Filter>Components</Filter>
    </ClCompile>
    <ClCompile Include="ListBox.cpp">
      <Filter>Components</Filter>
    </ClCompile>
    <ClCompile Include="ImageBox.cpp">
      <Filter>Components</Filter>
    </ClCompile>
    <ClCompile Include="EventHandler.cpp" />
    <ClCompile Include="FileSelector.cpp">
      <Filter>Components</Filter>
    </ClCompile>
    <ClCompile Include="Scroller.cpp">
      <Filter>Components</Filter>
    </ClCompile>
    <ClCompile Include="RadioBox.cpp">
      <Filter>Components</Filter>
    </ClCompile>
    <ClCompile Include="HexagonalContextMenu.cpp">
      <Filter>Components</Filter>
    </ClCompile>
    <ClCompile Include="CardScroller.cpp">
      <Filter>Components</Filter>
    </ClCompile>
    <ClCompile Include="UIAnimation.cpp">
      <Filter>Animation</Filter>
    </ClCompile>
    <ClCompile Include="VerticalGauge.cpp">
      <Filter>Components</Filter>
    </ClCompile>
    <ClCompile Include="HorizontalGauge.cpp">
      <Filter>Components</Filter>
    </ClCompile>
    <ClCompile Include="NumericUpDown.cpp">
      <Filter>Components</Filter>
    </ClCompile>
    <ClCompile Include="UIManager.cpp" />
    <ClCompile Include="DropDown.cpp">
      <Filter>Components</Filter>
    </ClCompile>
    <ClCompile Include="TextBox.cpp">
      <Filter>Components</Filter>
    </ClCompile>
    <ClCompile Include="UIManagerLua.cpp" />
    <ClCompile Include="CheckBox.cpp">
      <Filter>Components</Filter>
    </ClCompile>
    <ClCompile Include="ColorRampComp.cpp">
      <Filter>Components</Filter>
    </ClCompile>
    <ClCompile Include="NamedPortrait.cpp">
      <Filter>Components</Filter>
    </ClCompile>
    <ClCompile Include="VisibleStatus.cpp" />
    <ClCompile Include="UICommands.cpp" />
    <ClCompile Include="UI_DLLMain.cpp" />
    <ClCompile Include="PropertyList.cpp">
      <Filter>Components</Filter>
    </ClCompile>
    <ClCompile Include="DragBox.cpp" />
    <ClCompile Include="ListItem.cpp">
      <Filter>Components</Filter>
    </ClCompile>
    <ClCompile Include="ListBoxData.cpp" />
    <ClCompile Include="ListBoxDataSet.cpp" />
  </ItemGroup>
</Project>