
Microsoft Visual Studio Solution File, Format Version 12.00
# Visual Studio 14
VisualStudioVersion = 14.0.24720.0
MinimumVisualStudioVersion = 10.0.40219.1
Project("{8BC9CEB8-8B4A-11D0-8D11-00A0C91BC942}") = "FBRenderer", "FBRenderer\FBRenderer.vcxproj", "{FD658A50-2D36-4BB4-8EDA-635BF71B4CDB}"
EndProject
Project("{8BC9CEB8-8B4A-11D0-8D11-00A0C91BC942}") = "FBMemoryManagerLib", "FBMemoryManagerLib\FBMemoryManagerLib.vcxproj", "{5FE91C18-2729-4291-80FB-3400C58602B3}"
EndProject
Project("{8BC9CEB8-8B4A-11D0-8D11-00A0C91BC942}") = "FBCommonHeaders", "FBCommonHeaders\FBCommonHeaders.vcxproj", "{EB75B2FD-4CE2-496F-9F5E-52285B811EB9}"
EndProject
Project("{8BC9CEB8-8B4A-11D0-8D11-00A0C91BC942}") = "FBDebugLib", "FBDebugLib\FBDebugLib.vcxproj", "{7DA79D73-7E78-48A6-A052-177CDF5E3B3C}"
EndProject
Project("{8BC9CEB8-8B4A-11D0-8D11-00A0C91BC942}") = "FBFileSystem", "FBFileSystem\FBFileSystem.vcxproj", "{970770A8-F3C4-43AD-B4A0-C076EC6FE610}"
EndProject
Project("{2150E333-8FDC-42A3-9474-1A3956D46DE8}") = "CoreLayer", "CoreLayer", "{811467D3-7343-4C85-9333-38E0A18A76DE}"
EndProject
Project("{8BC9CEB8-8B4A-11D0-8D11-00A0C91BC942}") = "FBStringLib", "FBStringLib\FBStringLib.vcxproj", "{97920097-3E86-410D-8D98-A2ECAD02A35F}"
EndProject
Project("{8BC9CEB8-8B4A-11D0-8D11-00A0C91BC942}") = "FBRendererD3D11", "FBRendererD3D11\FBRendererD3D11.vcxproj", "{5C440513-1E58-48E7-9C0D-A22ACD67B5C2}"
EndProject
Project("{8BC9CEB8-8B4A-11D0-8D11-00A0C91BC942}") = "FBDevHeaderLocator", "FBDevHeaderLocator\FBDevHeaderLocator.vcxproj", "{8A057505-60C0-444D-8751-115EC0A6DCE3}"
EndProject
Project("{2150E333-8FDC-42A3-9474-1A3956D46DE8}") = "_Dev", "_Dev", "{59EAE898-D983-4D0E-B2BF-B978E547225B}"
EndProject
Project("{8BC9CEB8-8B4A-11D0-8D11-00A0C91BC942}") = "FBStringMathLib", "FBStringMathLib\FBStringMathLib.vcxproj", "{58935F99-A95D-4DA2-BAA8-6E2F263C8E24}"
EndProject
Project("{8BC9CEB8-8B4A-11D0-8D11-00A0C91BC942}") = "FBSystemLib", "FBSystemLib\FBSystemLib.vcxproj", "{2E1E0F10-B5EA-4EEC-AAB9-C0DCBF67B306}"
EndProject
Project("{8BC9CEB8-8B4A-11D0-8D11-00A0C91BC942}") = "FBMathLib", "FBMathLib\FBMathLib.vcxproj", "{2DF8E079-28E5-4E7D-9C6A-FF87C1329EB5}"
EndProject
Project("{8BC9CEB8-8B4A-11D0-8D11-00A0C91BC942}") = "TinyXmlLib", "TinyXmlLib\TinyXmlLib.vcxproj", "{23117A44-391E-4542-968F-C99C1BAC52C0}"
EndProject
Project("{8BC9CEB8-8B4A-11D0-8D11-00A0C91BC942}") = "FBInputManager", "FBInputManager\FBInputManager.vcxproj", "{C8797AA0-B737-4F09-A6A4-131350B54BC9}"
EndProject
Project("{8BC9CEB8-8B4A-11D0-8D11-00A0C91BC942}") = "FBSceneManager", "FBSceneManager\FBSceneManager.vcxproj", "{E1F08226-828D-4354-8128-2AE1B91FBD4F}"
EndProject
Project("{8BC9CEB8-8B4A-11D0-8D11-00A0C91BC942}") = "FBLua", "FBLua\FBLua.vcxproj", "{E6362F4A-1E01-45CD-87D3-D4A964683BD5}"
EndProject
Project("{8BC9CEB8-8B4A-11D0-8D11-00A0C91BC942}") = "FBTimer", "FBTimer\FBTimer.vcxproj", "{E828F5FB-D914-4891-8BE0-737DD73F06AB}"
EndProject
Project("{8BC9CEB8-8B4A-11D0-8D11-00A0C91BC942}") = "FBDevCopyrightMarker", "FBDevCopyrightMarker\FBDevCopyrightMarker.vcxproj", "{E089C309-467D-4B3F-88AF-6921968E9703}"
EndProject
Project("{8BC9CEB8-8B4A-11D0-8D11-00A0C91BC942}") = "FBVideoPlayer", "FBVideoPlayer\FBVideoPlayer.vcxproj", "{086F3AFE-4515-4327-9B8A-C083B6EC8A05}"
EndProject
Project("{8BC9CEB8-8B4A-11D0-8D11-00A0C91BC942}") = "FBAudioPlayer", "FBAudioPlayer\FBAudioPlayer.vcxproj", "{35BD3327-2FA4-4A92-8790-87ABB17E720B}"
EndProject
Project("{8BC9CEB8-8B4A-11D0-8D11-00A0C91BC942}") = "FBSceneObjectFactory", "FBSceneObjectFactory\FBSceneObjectFactory.vcxproj", "{FE014A80-D3A5-4C84-A085-B7F48F0C9DBD}"
EndProject
Project("{8BC9CEB8-8B4A-11D0-8D11-00A0C91BC942}") = "FBAnimation", "FBAnimation\FBAnimation.vcxproj", "{6614B11E-13DB-40F6-B9DE-B3D47419D872}"
EndProject
Project("{8BC9CEB8-8B4A-11D0-8D11-00A0C91BC942}") = "FBColladaImporter", "FBColladaImporter\FBColladaImporter.vcxproj", "{2D0D1E03-D6F8-44ED-8ADE-0EE9D4EF7BC9}"
EndProject
Project("{8BC9CEB8-8B4A-11D0-8D11-00A0C91BC942}") = "FBParticleSystem", "FBParticleSystem\FBParticleSystem.vcxproj", "{7D3A3D30-B44B-4508-8758-77F9DB92B2F4}"
EndProject
Project("{8BC9CEB8-8B4A-11D0-8D11-00A0C91BC942}") = "FBEngineFacade", "FBEngineFacade\FBEngineFacade.vcxproj", "{A7C70AFB-E23D-4D19-94E2-F70566155B26}"
EndProject
Project("{8BC9CEB8-8B4A-11D0-8D11-00A0C91BC942}") = "FBPhysics", "FBPhysics\FBPhysics.vcxproj", "{4A267C37-17E9-4CBE-A351-86874BA926D7}"
EndProject
Project("{8BC9CEB8-8B4A-11D0-8D11-00A0C91BC942}") = "FBThreadLib", "FBThreadLib\FBThread.vcxproj", "{E75CA1AB-A39C-4F51-9E89-625FC6CB6913}"
EndProject
Project("{8BC9CEB8-8B4A-11D0-8D11-00A0C91BC942}") = "FBFileMonitor", "FBFileMonitor\FBFileMonitor.vcxproj", "{288DC950-FE81-430A-BA47-933CB0875E8E}"
EndProject
Project("{8BC9CEB8-8B4A-11D0-8D11-00A0C91BC942}") = "FBUI", "FBUI\FBUI.vcxproj", "{33E3F11C-2671-4378-A346-EACEFB26D0C7}"
EndProject
Project("{8BC9CEB8-8B4A-11D0-8D11-00A0C91BC942}") = "FBConsole", "FBConsole\FBConsole.vcxproj", "{AE082870-0E26-479C-9AAB-C7D3C32A55CA}"
EndProject
Project("{2150E333-8FDC-42A3-9474-1A3956D46DE8}") = "EngineLayer", "EngineLayer", "{1DC571B9-E811-4031-A051-3AA9A02857E6}"
EndProject
Project("{2150E333-8FDC-42A3-9474-1A3956D46DE8}") = "FacadeAndDedicateLayer", "FacadeAndDedicateLayer", "{388770B6-5E8D-4D28-85A1-1D60F7721D8F}"
EndProject
Project("{8BC9CEB8-8B4A-11D0-8D11-00A0C91BC942}") = "FBLuaMathLib", "FBLuaMathLib\FBLuaMathLib.vcxproj", "{84A0648D-8E2E-4CCE-8264-E61EC504C1D3}"
EndProject
Project("{2150E333-8FDC-42A3-9474-1A3956D46DE8}") = "_Test", "_Test", "{E19922FF-28EB-4FB8-BF4F-E3597C4110CB}"
EndProject
Project("{8BC9CEB8-8B4A-11D0-8D11-00A0C91BC942}") = "EngineTest", "EngineTest\EngineTest.vcxproj", "{915A8C63-23CD-44EC-810E-97EAE02235E1}"
	ProjectSection(ProjectDependencies) = postProject
		{970770A8-F3C4-43AD-B4A0-C076EC6FE610} = {970770A8-F3C4-43AD-B4A0-C076EC6FE610}
	EndProjectSection
EndProject
Project("{8BC9CEB8-8B4A-11D0-8D11-00A0C91BC942}") = "FBDevFileSync", "FBDevFileSync\FBDevFileSync.vcxproj", "{431C6068-51EC-4FC1-BBC2-7AC66F50B706}"
EndProject
Project("{8BC9CEB8-8B4A-11D0-8D11-00A0C91BC942}") = "FBAudioDebugger", "FBAudioDebugger\FBAudioDebugger.vcxproj", "{F9F07D33-7C6F-435F-8D08-B0530B3EE594}"
EndProject
Project("{8BC9CEB8-8B4A-11D0-8D11-00A0C91BC942}") = "FBSerializationLib", "FBSerializationLib\FBSerializationLib.vcxproj", "{9A6533F2-0D9F-4310-8626-42B27B5546D3}"
EndProject
Project("{8BC9CEB8-8B4A-11D0-8D11-00A0C91BC942}") = "FBDevLineCounter", "FBDevLineCounter\FBDevLineCounter.vcxproj", "{8A5EFA51-0246-4C6B-9608-2CEB03583F22}"
EndProject
Global
	GlobalSection(SolutionConfigurationPlatforms) = preSolution
		Debug|Win32 = Debug|Win32
		Release|Win32 = Release|Win32
	EndGlobalSection
	GlobalSection(ProjectConfigurationPlatforms) = postSolution
		{FD658A50-2D36-4BB4-8EDA-635BF71B4CDB}.Debug|Win32.ActiveCfg = Debug|Win32
		{FD658A50-2D36-4BB4-8EDA-635BF71B4CDB}.Debug|Win32.Build.0 = Debug|Win32
		{FD658A50-2D36-4BB4-8EDA-635BF71B4CDB}.Release|Win32.ActiveCfg = Release|Win32
		{FD658A50-2D36-4BB4-8EDA-635BF71B4CDB}.Release|Win32.Build.0 = Release|Win32
		{5FE91C18-2729-4291-80FB-3400C58602B3}.Debug|Win32.ActiveCfg = Debug|Win32
		{5FE91C18-2729-4291-80FB-3400C58602B3}.Debug|Win32.Build.0 = Debug|Win32
		{5FE91C18-2729-4291-80FB-3400C58602B3}.Release|Win32.ActiveCfg = Release|Win32
		{5FE91C18-2729-4291-80FB-3400C58602B3}.Release|Win32.Build.0 = Release|Win32
		{EB75B2FD-4CE2-496F-9F5E-52285B811EB9}.Debug|Win32.ActiveCfg = Debug|Win32
		{EB75B2FD-4CE2-496F-9F5E-52285B811EB9}.Debug|Win32.Build.0 = Debug|Win32
		{EB75B2FD-4CE2-496F-9F5E-52285B811EB9}.Release|Win32.ActiveCfg = Release|Win32
		{EB75B2FD-4CE2-496F-9F5E-52285B811EB9}.Release|Win32.Build.0 = Release|Win32
		{7DA79D73-7E78-48A6-A052-177CDF5E3B3C}.Debug|Win32.ActiveCfg = Debug|Win32
		{7DA79D73-7E78-48A6-A052-177CDF5E3B3C}.Debug|Win32.Build.0 = Debug|Win32
		{7DA79D73-7E78-48A6-A052-177CDF5E3B3C}.Release|Win32.ActiveCfg = Release|Win32
		{7DA79D73-7E78-48A6-A052-177CDF5E3B3C}.Release|Win32.Build.0 = Release|Win32
		{970770A8-F3C4-43AD-B4A0-C076EC6FE610}.Debug|Win32.ActiveCfg = Debug|Win32
		{970770A8-F3C4-43AD-B4A0-C076EC6FE610}.Debug|Win32.Build.0 = Debug|Win32
		{970770A8-F3C4-43AD-B4A0-C076EC6FE610}.Release|Win32.ActiveCfg = Release|Win32
		{970770A8-F3C4-43AD-B4A0-C076EC6FE610}.Release|Win32.Build.0 = Release|Win32
		{97920097-3E86-410D-8D98-A2ECAD02A35F}.Debug|Win32.ActiveCfg = Debug|Win32
		{97920097-3E86-410D-8D98-A2ECAD02A35F}.Debug|Win32.Build.0 = Debug|Win32
		{97920097-3E86-410D-8D98-A2ECAD02A35F}.Release|Win32.ActiveCfg = Release|Win32
		{97920097-3E86-410D-8D98-A2ECAD02A35F}.Release|Win32.Build.0 = Release|Win32
		{5C440513-1E58-48E7-9C0D-A22ACD67B5C2}.Debug|Win32.ActiveCfg = Debug|Win32
		{5C440513-1E58-48E7-9C0D-A22ACD67B5C2}.Debug|Win32.Build.0 = Debug|Win32
		{5C440513-1E58-48E7-9C0D-A22ACD67B5C2}.Release|Win32.ActiveCfg = Release|Win32
		{5C440513-1E58-48E7-9C0D-A22ACD67B5C2}.Release|Win32.Build.0 = Release|Win32
		{8A057505-60C0-444D-8751-115EC0A6DCE3}.Debug|Win32.ActiveCfg = Debug|Win32
		{8A057505-60C0-444D-8751-115EC0A6DCE3}.Debug|Win32.Build.0 = Debug|Win32
		{8A057505-60C0-444D-8751-115EC0A6DCE3}.Release|Win32.ActiveCfg = Release|Win32
		{8A057505-60C0-444D-8751-115EC0A6DCE3}.Release|Win32.Build.0 = Release|Win32
		{58935F99-A95D-4DA2-BAA8-6E2F263C8E24}.Debug|Win32.ActiveCfg = Debug|Win32
		{58935F99-A95D-4DA2-BAA8-6E2F263C8E24}.Debug|Win32.Build.0 = Debug|Win32
		{58935F99-A95D-4DA2-BAA8-6E2F263C8E24}.Release|Win32.ActiveCfg = Release|Win32
		{58935F99-A95D-4DA2-BAA8-6E2F263C8E24}.Release|Win32.Build.0 = Release|Win32
		{2E1E0F10-B5EA-4EEC-AAB9-C0DCBF67B306}.Debug|Win32.ActiveCfg = Debug|Win32
		{2E1E0F10-B5EA-4EEC-AAB9-C0DCBF67B306}.Debug|Win32.Build.0 = Debug|Win32
		{2E1E0F10-B5EA-4EEC-AAB9-C0DCBF67B306}.Release|Win32.ActiveCfg = Release|Win32
		{2E1E0F10-B5EA-4EEC-AAB9-C0DCBF67B306}.Release|Win32.Build.0 = Release|Win32
		{2DF8E079-28E5-4E7D-9C6A-FF87C1329EB5}.Debug|Win32.ActiveCfg = Debug|Win32
		{2DF8E079-28E5-4E7D-9C6A-FF87C1329EB5}.Debug|Win32.Build.0 = Debug|Win32
		{2DF8E079-28E5-4E7D-9C6A-FF87C1329EB5}.Release|Win32.ActiveCfg = Release|Win32
		{2DF8E079-28E5-4E7D-9C6A-FF87C1329EB5}.Release|Win32.Build.0 = Release|Win32
		{23117A44-391E-4542-968F-C99C1BAC52C0}.Debug|Win32.ActiveCfg = Debug|Win32
		{23117A44-391E-4542-968F-C99C1BAC52C0}.Debug|Win32.Build.0 = Debug|Win32
		{23117A44-391E-4542-968F-C99C1BAC52C0}.Release|Win32.ActiveCfg = Release|Win32
		{23117A44-391E-4542-968F-C99C1BAC52C0}.Release|Win32.Build.0 = Release|Win32
		{C8797AA0-B737-4F09-A6A4-131350B54BC9}.Debug|Win32.ActiveCfg = Debug|Win32
		{C8797AA0-B737-4F09-A6A4-131350B54BC9}.Debug|Win32.Build.0 = Debug|Win32
		{C8797AA0-B737-4F09-A6A4-131350B54BC9}.Release|Win32.ActiveCfg = Release|Win32
		{C8797AA0-B737-4F09-A6A4-131350B54BC9}.Release|Win32.Build.0 = Release|Win32
		{E1F08226-828D-4354-8128-2AE1B91FBD4F}.Debug|Win32.ActiveCfg = Debug|Win32
		{E1F08226-828D-4354-8128-2AE1B91FBD4F}.Debug|Win32.Build.0 = Debug|Win32
		{E1F08226-828D-4354-8128-2AE1B91FBD4F}.Release|Win32.ActiveCfg = Release|Win32
		{E1F08226-828D-4354-8128-2AE1B91FBD4F}.Release|Win32.Build.0 = Release|Win32
		{E6362F4A-1E01-45CD-87D3-D4A964683BD5}.Debug|Win32.ActiveCfg = Debug|Win32
		{E6362F4A-1E01-45CD-87D3-D4A964683BD5}.Debug|Win32.Build.0 = Debug|Win32
		{E6362F4A-1E01-45CD-87D3-D4A964683BD5}.Release|Win32.ActiveCfg = Release|Win32
		{E6362F4A-1E01-45CD-87D3-D4A964683BD5}.Release|Win32.Build.0 = Release|Win32
		{E828F5FB-D914-4891-8BE0-737DD73F06AB}.Debug|Win32.ActiveCfg = Debug|Win32
		{E828F5FB-D914-4891-8BE0-737DD73F06AB}.Debug|Win32.Build.0 = Debug|Win32
		{E828F5FB-D914-4891-8BE0-737DD73F06AB}.Release|Win32.ActiveCfg = Release|Win32
		{E828F5FB-D914-4891-8BE0-737DD73F06AB}.Release|Win32.Build.0 = Release|Win32
		{E089C309-467D-4B3F-88AF-6921968E9703}.Debug|Win32.ActiveCfg = Debug|Win32
		{E089C309-467D-4B3F-88AF-6921968E9703}.Debug|Win32.Build.0 = Debug|Win32
		{E089C309-467D-4B3F-88AF-6921968E9703}.Release|Win32.ActiveCfg = Release|Win32
		{E089C309-467D-4B3F-88AF-6921968E9703}.Release|Win32.Build.0 = Release|Win32
		{086F3AFE-4515-4327-9B8A-C083B6EC8A05}.Debug|Win32.ActiveCfg = Debug|Win32
		{086F3AFE-4515-4327-9B8A-C083B6EC8A05}.Debug|Win32.Build.0 = Debug|Win32
		{086F3AFE-4515-4327-9B8A-C083B6EC8A05}.Release|Win32.ActiveCfg = Release|Win32
		{086F3AFE-4515-4327-9B8A-C083B6EC8A05}.Release|Win32.Build.0 = Release|Win32
		{35BD3327-2FA4-4A92-8790-87ABB17E720B}.Debug|Win32.ActiveCfg = Debug|Win32
		{35BD3327-2FA4-4A92-8790-87ABB17E720B}.Debug|Win32.Build.0 = Debug|Win32
		{35BD3327-2FA4-4A92-8790-87ABB17E720B}.Release|Win32.ActiveCfg = Release|Win32
		{35BD3327-2FA4-4A92-8790-87ABB17E720B}.Release|Win32.Build.0 = Release|Win32
		{FE014A80-D3A5-4C84-A085-B7F48F0C9DBD}.Debug|Win32.ActiveCfg = Debug|Win32
		{FE014A80-D3A5-4C84-A085-B7F48F0C9DBD}.Debug|Win32.Build.0 = Debug|Win32
		{FE014A80-D3A5-4C84-A085-B7F48F0C9DBD}.Release|Win32.ActiveCfg = Release|Win32
		{FE014A80-D3A5-4C84-A085-B7F48F0C9DBD}.Release|Win32.Build.0 = Release|Win32
		{6614B11E-13DB-40F6-B9DE-B3D47419D872}.Debug|Win32.ActiveCfg = Debug|Win32
		{6614B11E-13DB-40F6-B9DE-B3D47419D872}.Debug|Win32.Build.0 = Debug|Win32
		{6614B11E-13DB-40F6-B9DE-B3D47419D872}.Release|Win32.ActiveCfg = Release|Win32
		{6614B11E-13DB-40F6-B9DE-B3D47419D872}.Release|Win32.Build.0 = Release|Win32
		{2D0D1E03-D6F8-44ED-8ADE-0EE9D4EF7BC9}.Debug|Win32.ActiveCfg = Debug|Win32
		{2D0D1E03-D6F8-44ED-8ADE-0EE9D4EF7BC9}.Debug|Win32.Build.0 = Debug|Win32
		{2D0D1E03-D6F8-44ED-8ADE-0EE9D4EF7BC9}.Release|Win32.ActiveCfg = Release|Win32
		{2D0D1E03-D6F8-44ED-8ADE-0EE9D4EF7BC9}.Release|Win32.Build.0 = Release|Win32
		{7D3A3D30-B44B-4508-8758-77F9DB92B2F4}.Debug|Win32.ActiveCfg = Debug|Win32
		{7D3A3D30-B44B-4508-8758-77F9DB92B2F4}.Debug|Win32.Build.0 = Debug|Win32
		{7D3A3D30-B44B-4508-8758-77F9DB92B2F4}.Release|Win32.ActiveCfg = Release|Win32
		{7D3A3D30-B44B-4508-8758-77F9DB92B2F4}.Release|Win32.Build.0 = Release|Win32
		{A7C70AFB-E23D-4D19-94E2-F70566155B26}.Debug|Win32.ActiveCfg = Debug|Win32
		{A7C70AFB-E23D-4D19-94E2-F70566155B26}.Debug|Win32.Build.0 = Debug|Win32
		{A7C70AFB-E23D-4D19-94E2-F70566155B26}.Release|Win32.ActiveCfg = Release|Win32
		{A7C70AFB-E23D-4D19-94E2-F70566155B26}.Release|Win32.Build.0 = Release|Win32
		{4A267C37-17E9-4CBE-A351-86874BA926D7}.Debug|Win32.ActiveCfg = Debug|Win32
		{4A267C37-17E9-4CBE-A351-86874BA926D7}.Debug|Win32.Build.0 = Debug|Win32
		{4A267C37-17E9-4CBE-A351-86874BA926D7}.Release|Win32.ActiveCfg = Release|Win32
		{4A267C37-17E9-4CBE-A351-86874BA926D7}.Release|Win32.Build.0 = Release|Win32
		{E75CA1AB-A39C-4F51-9E89-625FC6CB6913}.Debug|Win32.ActiveCfg = Debug|Win32
		{E75CA1AB-A39C-4F51-9E89-625FC6CB6913}.Debug|Win32.Build.0 = Debug|Win32
		{E75CA1AB-A39C-4F51-9E89-625FC6CB6913}.Release|Win32.ActiveCfg = Release|Win32
		{E75CA1AB-A39C-4F51-9E89-625FC6CB6913}.Release|Win32.Build.0 = Release|Win32
		{288DC950-FE81-430A-BA47-933CB0875E8E}.Debug|Win32.ActiveCfg = Debug|Win32
		{288DC950-FE81-430A-BA47-933CB0875E8E}.Debug|Win32.Build.0 = Debug|Win32
		{288DC950-FE81-430A-BA47-933CB0875E8E}.Release|Win32.ActiveCfg = Release|Win32
		{288DC950-FE81-430A-BA47-933CB0875E8E}.Release|Win32.Build.0 = Release|Win32
		{33E3F11C-2671-4378-A346-EACEFB26D0C7}.Debug|Win32.ActiveCfg = Debug|Win32
		{33E3F11C-2671-4378-A346-EACEFB26D0C7}.Debug|Win32.Build.0 = Debug|Win32
		{33E3F11C-2671-4378-A346-EACEFB26D0C7}.Release|Win32.ActiveCfg = Release|Win32
		{33E3F11C-2671-4378-A346-EACEFB26D0C7}.Release|Win32.Build.0 = Release|Win32
		{AE082870-0E26-479C-9AAB-C7D3C32A55CA}.Debug|Win32.ActiveCfg = Debug|Win32
		{AE082870-0E26-479C-9AAB-C7D3C32A55CA}.Debug|Win32.Build.0 = Debug|Win32
		{AE082870-0E26-479C-9AAB-C7D3C32A55CA}.Release|Win32.ActiveCfg = Release|Win32
		{AE082870-0E26-479C-9AAB-C7D3C32A55CA}.Release|Win32.Build.0 = Release|Win32
		{84A0648D-8E2E-4CCE-8264-E61EC504C1D3}.Debug|Win32.ActiveCfg = Debug|Win32
		{84A0648D-8E2E-4CCE-8264-E61EC504C1D3}.Debug|Win32.Build.0 = Debug|Win32
		{84A0648D-8E2E-4CCE-8264-E61EC504C1D3}.Release|Win32.ActiveCfg = Release|Win32
		{84A0648D-8E2E-4CCE-8264-E61EC504C1D3}.Release|Win32.Build.0 = Release|Win32
		{915A8C63-23CD-44EC-810E-97EAE02235E1}.Debug|Win32.ActiveCfg = Debug|Win32
		{915A8C63-23CD-44EC-810E-97EAE02235E1}.Debug|Win32.Build.0 = Debug|Win32
		{915A8C63-23CD-44EC-810E-97EAE02235E1}.Release|Win32.ActiveCfg = Release|Win32
		{915A8C63-23CD-44EC-810E-97EAE02235E1}.Release|Win32.Build.0 = Release|Win32
		{431C6068-51EC-4FC1-BBC2-7AC66F50B706}.Debug|Win32.ActiveCfg = Debug|Win32
		{431C6068-51EC-4FC1-BBC2-7AC66F50B706}.Debug|Win32.Build.0 = Debug|Win32
		{431C6068-51EC-4FC1-BBC2-7AC66F50B706}.Release|Win32.ActiveCfg = Release|Win32
		{431C6068-51EC-4FC1-BBC2-7AC66F50B706}.Release|Win32.Build.0 = Release|Win32
		{F9F07D33-7C6F-435F-8D08-B0530B3EE594}.Debug|Win32.ActiveCfg = Debug|Win32
		{F9F07D33-7C6F-435F-8D08-B0530B3EE594}.Debug|Win32.Build.0 = Debug|Win32
		{F9F07D33-7C6F-435F-8D08-B0530B3EE594}.Release|Win32.ActiveCfg = Release|Win32
		{F9F07D33-7C6F-435F-8D08-B0530B3EE594}.Release|Win32.Build.0 = Release|Win32
		{9A6533F2-0D9F-4310-8626-42B27B5546D3}.Debug|Win32.ActiveCfg = Debug|Win32
		{9A6533F2-0D9F-4310-8626-42B27B5546D3}.Debug|Win32.Build.0 = Debug|Win32
		{9A6533F2-0D9F-4310-8626-42B27B5546D3}.Release|Win32.ActiveCfg = Release|Win32
		{9A6533F2-0D9F-4310-8626-42B27B5546D3}.Release|Win32.Build.0 = Release|Win32
		{8A5EFA51-0246-4C6B-9608-2CEB03583F22}.Debug|Win32.ActiveCfg = Debug|Win32
		{8A5EFA51-0246-4C6B-9608-2CEB03583F22}.Debug|Win32.Build.0 = Debug|Win32
		{8A5EFA51-0246-4C6B-9608-2CEB03583F22}.Release|Win32.ActiveCfg = Release|Win32
		{8A5EFA51-0246-4C6B-9608-2CEB03583F22}.Release|Win32.Build.0 = Release|Win32
	EndGlobalSection
	GlobalSection(SolutionProperties) = preSolution
		HideSolutionNode = FALSE
	EndGlobalSection
	GlobalSection(NestedProjects) = preSolution
		{FD658A50-2D36-4BB4-8EDA-635BF71B4CDB} = {1DC571B9-E811-4031-A051-3AA9A02857E6}
		{5FE91C18-2729-4291-80FB-3400C58602B3} = {811467D3-7343-4C85-9333-38E0A18A76DE}
		{EB75B2FD-4CE2-496F-9F5E-52285B811EB9} = {811467D3-7343-4C85-9333-38E0A18A76DE}
		{7DA79D73-7E78-48A6-A052-177CDF5E3B3C} = {811467D3-7343-4C85-9333-38E0A18A76DE}
		{970770A8-F3C4-43AD-B4A0-C076EC6FE610} = {811467D3-7343-4C85-9333-38E0A18A76DE}
		{97920097-3E86-410D-8D98-A2ECAD02A35F} = {811467D3-7343-4C85-9333-38E0A18A76DE}
		{5C440513-1E58-48E7-9C0D-A22ACD67B5C2} = {1DC571B9-E811-4031-A051-3AA9A02857E6}
		{8A057505-60C0-444D-8751-115EC0A6DCE3} = {59EAE898-D983-4D0E-B2BF-B978E547225B}
		{58935F99-A95D-4DA2-BAA8-6E2F263C8E24} = {811467D3-7343-4C85-9333-38E0A18A76DE}
		{2E1E0F10-B5EA-4EEC-AAB9-C0DCBF67B306} = {811467D3-7343-4C85-9333-38E0A18A76DE}
		{2DF8E079-28E5-4E7D-9C6A-FF87C1329EB5} = {811467D3-7343-4C85-9333-38E0A18A76DE}
		{23117A44-391E-4542-968F-C99C1BAC52C0} = {811467D3-7343-4C85-9333-38E0A18A76DE}
		{C8797AA0-B737-4F09-A6A4-131350B54BC9} = {1DC571B9-E811-4031-A051-3AA9A02857E6}
		{E1F08226-828D-4354-8128-2AE1B91FBD4F} = {1DC571B9-E811-4031-A051-3AA9A02857E6}
		{E6362F4A-1E01-45CD-87D3-D4A964683BD5} = {811467D3-7343-4C85-9333-38E0A18A76DE}
		{E828F5FB-D914-4891-8BE0-737DD73F06AB} = {811467D3-7343-4C85-9333-38E0A18A76DE}
		{E089C309-467D-4B3F-88AF-6921968E9703} = {59EAE898-D983-4D0E-B2BF-B978E547225B}
		{086F3AFE-4515-4327-9B8A-C083B6EC8A05} = {1DC571B9-E811-4031-A051-3AA9A02857E6}
		{35BD3327-2FA4-4A92-8790-87ABB17E720B} = {1DC571B9-E811-4031-A051-3AA9A02857E6}
		{FE014A80-D3A5-4C84-A085-B7F48F0C9DBD} = {1DC571B9-E811-4031-A051-3AA9A02857E6}
		{6614B11E-13DB-40F6-B9DE-B3D47419D872} = {1DC571B9-E811-4031-A051-3AA9A02857E6}
		{2D0D1E03-D6F8-44ED-8ADE-0EE9D4EF7BC9} = {1DC571B9-E811-4031-A051-3AA9A02857E6}
		{7D3A3D30-B44B-4508-8758-77F9DB92B2F4} = {388770B6-5E8D-4D28-85A1-1D60F7721D8F}
		{A7C70AFB-E23D-4D19-94E2-F70566155B26} = {388770B6-5E8D-4D28-85A1-1D60F7721D8F}
		{4A267C37-17E9-4CBE-A351-86874BA926D7} = {388770B6-5E8D-4D28-85A1-1D60F7721D8F}
		{E75CA1AB-A39C-4F51-9E89-625FC6CB6913} = {811467D3-7343-4C85-9333-38E0A18A76DE}
		{288DC950-FE81-430A-BA47-933CB0875E8E} = {811467D3-7343-4C85-9333-38E0A18A76DE}
		{33E3F11C-2671-4378-A346-EACEFB26D0C7} = {388770B6-5E8D-4D28-85A1-1D60F7721D8F}
		{AE082870-0E26-479C-9AAB-C7D3C32A55CA} = {1DC571B9-E811-4031-A051-3AA9A02857E6}
		{84A0648D-8E2E-4CCE-8264-E61EC504C1D3} = {811467D3-7343-4C85-9333-38E0A18A76DE}
		{915A8C63-23CD-44EC-810E-97EAE02235E1} = {E19922FF-28EB-4FB8-BF4F-E3597C4110CB}
		{431C6068-51EC-4FC1-BBC2-7AC66F50B706} = {59EAE898-D983-4D0E-B2BF-B978E547225B}
		{F9F07D33-7C6F-435F-8D08-B0530B3EE594} = {1DC571B9-E811-4031-A051-3AA9A02857E6}
		{9A6533F2-0D9F-4310-8626-42B27B5546D3} = {811467D3-7343-4C85-9333-38E0A18A76DE}
		{8A5EFA51-0246-4C6B-9608-2CEB03583F22} = {59EAE898-D983-4D0E-B2BF-B978E547225B}
	EndGlobalSection
EndGlobal
