<?xml version="1.0" encoding="utf-8"?>
<Project ToolsVersion="4.0" xmlns="http://schemas.microsoft.com/developer/msbuild/2003">
  <ItemGroup>
    <ClInclude Include="stdafx.h" />
    <ClInclude Include="AudioHelper.h" />
    <ClInclude Include="AudioManager.h" />
    <ClInclude Include="Audio.h" />
    <ClInclude Include="AudioProperty.h" />
    <ClInclude Include="AudioEx.h" />
    <ClInclude Include="IAudioManipulator.h" />
    <ClInclude Include="AudioManipulatorType.h" />
    <ClInclude Include="SmoothGain.h" />
    <ClInclude Include="AudioSourceStatus.h" />
    <ClInclude Include="AudioSource.h" />
    <ClInclude Include="AudioBuffer.h" />
    <ClInclude Include="MusicPlayer.h" />
  </ItemGroup>
  <ItemGroup>
    <ClCompile Include="stdafx.cpp" />
    <ClCompile Include="AudioHelper.cpp" />
    <ClCompile Include="AudioManager.cpp" />
    <ClCompile Include="Audio.cpp" />
    <ClCompile Include="AudioEx.cpp" />
    <ClCompile Include="SmoothGain.cpp" />
    <ClCompile Include="AudioSource.cpp" />
    <ClCompile Include="AudioBuffer.cpp" />
    <ClCompile Include="MusicPlayer.cpp" />
  </ItemGroup>
</Project>