<?xml version="1.0" encoding="utf-8"?>
<Project ToolsVersion="4.0" xmlns="http://schemas.microsoft.com/developer/msbuild/2003">
  <ItemGroup>
    <Filter Include="MathGeom">
      <UniqueIdentifier>{7996773d-44a6-428e-95ef-0dc919642bc2}</UniqueIdentifier>
    </Filter>
    <Filter Include="Collision">
      <UniqueIdentifier>{0577d87e-315f-445b-8020-06ab49343e19}</UniqueIdentifier>
    </Filter>
    <Filter Include="Threading">
      <UniqueIdentifier>{4d76d5cf-2681-45d5-8ed2-ede5468f975f}</UniqueIdentifier>
    </Filter>
  </ItemGroup>
  <ItemGroup>
    <ClInclude Include="Math\Plane3.h">
      <Filter>MathGeom</Filter>
    </ClInclude>
    <ClInclude Include="Math\Quat.h">
      <Filter>MathGeom</Filter>
    </ClInclude>
    <ClInclude Include="Math\Ray3.h">
      <Filter>MathGeom</Filter>
    </ClInclude>
    <ClInclude Include="Math\Vec2.h">
      <Filter>MathGeom</Filter>
    </ClInclude>
    <ClInclude Include="Math\Vec2I.h">
      <Filter>MathGeom</Filter>
    </ClInclude>
    <ClInclude Include="Math\Vec3.h">
      <Filter>MathGeom</Filter>
    </ClInclude>
    <ClInclude Include="Math\Vec4.h">
      <Filter>MathGeom</Filter>
    </ClInclude>
    <ClInclude Include="Math\AABB.h">
      <Filter>MathGeom</Filter>
    </ClInclude>
    <ClInclude Include="Math\Mat33.h">
      <Filter>MathGeom</Filter>
    </ClInclude>
    <ClInclude Include="Math\Mat44.h">
      <Filter>MathGeom</Filter>
    </ClInclude>
    <ClInclude Include="Timer.h" />
    <ClInclude Include="VectorMap.h" />
    <ClInclude Include="SmartPtr.h" />
    <ClInclude Include="StdAfx.h" />
    <ClInclude Include="Math\BoundingVolume.h">
      <Filter>MathGeom</Filter>
    </ClInclude>
    <ClInclude Include="Math\BVSphere.h">
      <Filter>MathGeom</Filter>
    </ClInclude>
    <ClInclude Include="Math\Transformation.h">
      <Filter>MathGeom</Filter>
    </ClInclude>
    <ClInclude Include="Profiler.h" />
    <ClInclude Include="StringUtils.h" />
    <ClInclude Include="tinyxml2.h" />
    <ClInclude Include="Unicode.h" />
    <ClInclude Include="INIReader.h" />
    <ClInclude Include="Debug.h" />
    <ClInclude Include="Config.h" />
    <ClInclude Include="Color.h" />
    <ClInclude Include="BlockFrequent.h" />
    <ClInclude Include="Math\Random.h">
      <Filter>MathGeom</Filter>
    </ClInclude>
    <ClInclude Include="LuaUtils.h" />
    <ClInclude Include="CommonLib.h" />
    <ClInclude Include="Math\Vec3I.h">
      <Filter>MathGeom</Filter>
    </ClInclude>
    <ClInclude Include="Task.h">
      <Filter>Threading</Filter>
    </ClInclude>
    <ClInclude Include="threads.h">
      <Filter>Threading</Filter>
    </ClInclude>
    <ClInclude Include="System.h" />
    <ClInclude Include="TaskScheduler.h">
      <Filter>Threading</Filter>
    </ClInclude>
    <ClInclude Include="WorkerThread.h">
      <Filter>Threading</Filter>
    </ClInclude>
    <ClInclude Include="tinydir.h" />
    <ClInclude Include="MurmurHash.h" />
    <ClInclude Include="Math\MathDefines.h">
      <Filter>MathGeom</Filter>
    </ClInclude>
    <ClInclude Include="Collision\GeomCollisions.h">
      <Filter>Collision</Filter>
    </ClInclude>
    <ClInclude Include="Math\OBB.h">
      <Filter>MathGeom</Filter>
    </ClInclude>
    <ClInclude Include="Hammersley.h" />
    <ClInclude Include="Math\GeomUtils.h">
      <Filter>MathGeom</Filter>
    </ClInclude>
    <ClInclude Include="Math\fbMath.h">
      <Filter>MathGeom</Filter>
    </ClInclude>
    <ClInclude Include="CircularBuffer.h" />
    <ClInclude Include="Math\BVaabb.h">
      <Filter>MathGeom</Filter>
    </ClInclude>
    <ClInclude Include="PerlinNoise.h" />
    <ClInclude Include="AsyncObjects.h">
      <Filter>Threading</Filter>
    </ClInclude>
    <ClInclude Include="LockFreeQueue.h">
      <Filter>Threading</Filter>
    </ClInclude>
    <ClInclude Include="SpinLock.h">
      <Filter>Threading</Filter>
    </ClInclude>
    <ClInclude Include="MemoryManager.h" />
    <ClInclude Include="CollisionShape.h">
      <Filter>Collision</Filter>
    </ClInclude>
    <ClInclude Include="ColShape.h">
      <Filter>Collision</Filter>
    </ClInclude>
    <ClInclude Include="Curve.h" />
    <ClInclude Include="CurveImporter.h" />
    <ClInclude Include="CurveManager.h" />
    <ClInclude Include="luawrapperutil.hpp" />
    <ClInclude Include="luawrapper.hpp" />
    <ClInclude Include="LuaObject.h" />
    <ClInclude Include="StdOutRedirect.h" />
    <ClInclude Include="FileSystem.h" />
    <ClInclude Include="IteratorWrapper.h" />
  </ItemGroup>
  <ItemGroup>
    <ClCompile Include="Math\Quat.cpp">
      <Filter>MathGeom</Filter>
    </ClCompile>
    <ClCompile Include="Math\Ray3.cpp">
      <Filter>MathGeom</Filter>
    </ClCompile>
    <ClCompile Include="Math\Vec3.cpp">
      <Filter>MathGeom</Filter>
    </ClCompile>
    <ClCompile Include="Math\Vec4.cpp">
      <Filter>MathGeom</Filter>
    </ClCompile>
    <ClCompile Include="Math\Mat33.cpp">
      <Filter>MathGeom</Filter>
    </ClCompile>
    <ClCompile Include="Math\Mat44.cpp">
      <Filter>MathGeom</Filter>
    </ClCompile>
    <ClCompile Include="Profiler.cpp" />
    <ClCompile Include="Timer.cpp" />
    <ClCompile Include="StdAfx.cpp" />
    <ClCompile Include="Math\BVSphere.cpp">
      <Filter>MathGeom</Filter>
    </ClCompile>
    <ClCompile Include="Math\Transformation.cpp">
      <Filter>MathGeom</Filter>
    </ClCompile>
    <ClCompile Include="StringUtils.cpp" />
    <ClCompile Include="tinyxml2.cpp" />
    <ClCompile Include="Unicode.cpp" />
    <ClCompile Include="INIReader.cpp" />
    <ClCompile Include="Debug.cpp" />
    <ClCompile Include="Math\Vec2.cpp">
      <Filter>MathGeom</Filter>
    </ClCompile>
    <ClCompile Include="Color.cpp" />
    <ClCompile Include="CommonLib.cpp" />
    <ClCompile Include="Math\Vec3I.cpp">
      <Filter>MathGeom</Filter>
    </ClCompile>
    <ClCompile Include="Task.cpp">
      <Filter>Threading</Filter>
    </ClCompile>
    <ClCompile Include="TaskScheduler.cpp">
      <Filter>Threading</Filter>
    </ClCompile>
    <ClCompile Include="WorkerThread.cpp">
      <Filter>Threading</Filter>
    </ClCompile>
    <ClCompile Include="threads.cpp">
      <Filter>Threading</Filter>
    </ClCompile>
    <ClCompile Include="MurmurHash.cpp" />
    <ClCompile Include="Collision\GeomCollisions.cpp">
      <Filter>Collision</Filter>
    </ClCompile>
    <ClCompile Include="Hammersley.cpp" />
    <ClCompile Include="Math\GeomUtils.cpp">
      <Filter>MathGeom</Filter>
    </ClCompile>
    <ClCompile Include="Math\fbMath.cpp">
      <Filter>MathGeom</Filter>
    </ClCompile>
    <ClCompile Include="Math\Vec2I.cpp">
      <Filter>MathGeom</Filter>
    </ClCompile>
    <ClCompile Include="Math\BVaabb.cpp">
      <Filter>MathGeom</Filter>
    </ClCompile>
    <ClCompile Include="PerlinNoise.cpp" />
    <ClCompile Include="AsyncObjects.cpp">
      <Filter>Threading</Filter>
    </ClCompile>
    <ClCompile Include="LockFreeQueue.cpp">
      <Filter>Threading</Filter>
    </ClCompile>
    <ClCompile Include="SpinLock.cpp">
      <Filter>Threading</Filter>
    </ClCompile>
    <ClCompile Include="MemoryManager.cpp" />
    <ClCompile Include="CollisionShape.cpp">
      <Filter>Collision</Filter>
    </ClCompile>
    <ClCompile Include="Curve.cpp" />
    <ClCompile Include="CurveImporter.cpp" />
    <ClCompile Include="CurveManager.cpp" />
    <ClCompile Include="LuaObject.cpp" />
    <ClCompile Include="LuaUtils.cpp" />
    <ClCompile Include="StdOutRedirect.cpp" />
    <ClCompile Include="FileSystem.cpp" />
  </ItemGroup>
</Project>