<?xml version="1.0" encoding="utf-8"?>
<Project ToolsVersion="4.0" xmlns="http://schemas.microsoft.com/developer/msbuild/2003">
  <ItemGroup>
    <ClCompile Include="TabWindow.cpp" />
    <ClCompile Include="TextBox.cpp" />
    <ClCompile Include="TextField.cpp" />
    <ClCompile Include="UIAnimation.cpp" />
    <ClCompile Include="UICommands.cpp" />
    <ClCompile Include="UIManager.cpp" />
    <ClCompile Include="UIManagerLua.cpp" />
    <ClCompile Include="VerticalGauge.cpp" />
    <ClCompile Include="VisibleStatus.cpp" />
    <ClCompile Include="WinBase.cpp" />
    <ClCompile Include="Wnd.cpp" />
    <ClCompile Include="Button.cpp" />
    <ClCompile Include="CardData.cpp" />
    <ClCompile Include="CardScroller.cpp" />
    <ClCompile Include="CheckBox.cpp" />
    <ClCompile Include="ColorRampComp.cpp" />
    <ClCompile Include="Container.cpp" />
    <ClCompile Include="DragBox.cpp" />
    <ClCompile Include="DropDown.cpp" />
    <ClCompile Include="EventHandler.cpp" />
    <ClCompile Include="FileSelector.cpp" />
    <ClCompile Include="HexagonalContextMenu.cpp" />
    <ClCompile Include="ImageBox.cpp" />
    <ClCompile Include="KeyboardCursor.cpp" />
    <ClCompile Include="KeyValueDataSet.cpp" />
    <ClCompile Include="ListBox.cpp" />
    <ClCompile Include="ListBoxData.cpp" />
    <ClCompile Include="ListBoxDataSet.cpp" />
    <ClCompile Include="ListItem.cpp" />
    <ClCompile Include="NamedPortrait.cpp" />
    <ClCompile Include="NumericUpDown.cpp" />
    <ClCompile Include="PropertyList.cpp" />
    <ClCompile Include="RadioBox.cpp" />
    <ClCompile Include="Scroller.cpp" />
    <ClCompile Include="StaticText.cpp" />
    <ClCompile Include="StdAfx.cpp" />
    <ClCompile Include="UIObject.cpp" />
    <ClCompile Include="ImageDisplay.cpp" />
    <ClCompile Include="DiscretedGauge.cpp" />
    <ClCompile Include="HorizontalGauge.cpp" />
  </ItemGroup>
  <ItemGroup>
    <ClInclude Include="TabWindow.h" />
    <ClInclude Include="TextBox.h" />
    <ClInclude Include="TextField.h" />
    <ClInclude Include="UIAnimation.h" />
    <ClInclude Include="UICommands.h" />
    <ClInclude Include="UIEvents.h" />
    <ClInclude Include="UIManager.h" />
    <ClInclude Include="UIProp.h" />
    <ClInclude Include="UIProperty.h" />
    <ClInclude Include="UIPropTypes.h" />
    <ClInclude Include="VerticalGauge.h" />
    <ClInclude Include="VisibleStatus.h" />
    <ClInclude Include="WinBase.h" />
    <ClInclude Include="Wnd.h" />
    <ClInclude Include="Align.h" />
    <ClInclude Include="Button.h" />
    <ClInclude Include="ButtonImages.h" />
    <ClInclude Include="CardData.h" />
    <ClInclude Include="CardScroller.h" />
    <ClInclude Include="CheckBox.h" />
    <ClInclude Include="ColorRampComp.h" />
    <ClInclude Include="ComponentType.h" />
    <ClInclude Include="Container.h" />
    <ClInclude Include="DragBox.h" />
    <ClInclude Include="DropDown.h" />
    <ClInclude Include="EventHandler.h" />
    <ClInclude Include="FileSelector.h" />
    <ClInclude Include="HexagonalContextMenu.h" />
    <ClInclude Include="ImageBox.h" />
    <ClInclude Include="IUIEditor.h" />
    <ClInclude Include="KeyboardCursor.h" />
    <ClInclude Include="KeyValueDataSet.h" />
    <ClInclude Include="ListBox.h" />
    <ClInclude Include="ListBoxData.h" />
    <ClInclude Include="ListBoxDataSet.h" />
    <ClInclude Include="ListBoxDataType.h" />
    <ClInclude Include="ListItem.h" />
    <ClInclude Include="ListItemDataType.h" />
    <ClInclude Include="NamedPortrait.h" />
    <ClInclude Include="NumericUpDown.h" />
    <ClInclude Include="PropertyList.h" />
    <ClInclude Include="RadioBox.h" />
    <ClInclude Include="RegionTestParam.h" />
    <ClInclude Include="Scroller.h" />
    <ClInclude Include="StaticText.h" />
    <ClInclude Include="StdAfx.h" />
    <ClInclude Include="Styles.h" />
    <ClInclude Include="UIObject.h" />
    <ClInclude Include="UISounds.h" />
    <ClInclude Include="ImageDisplay.h" />
    <ClInclude Include="DiscretedGauge.h" />
    <ClInclude Include="HorizontalGauge.h" />
  </ItemGroup>
</Project>