<?xml version="1.0" encoding="utf-8"?>
<Project ToolsVersion="4.0" xmlns="http://schemas.microsoft.com/developer/msbuild/2003">
  <ItemGroup>
    <Filter Include="Document">
      <UniqueIdentifier>{91996dc8-36f5-47ff-ae0d-c932d1fb8bc6}</UniqueIdentifier>
    </Filter>
    <Filter Include="SceneGraph">
      <UniqueIdentifier>{1a0c319f-1e1a-4fed-a6db-71e589083e7f}</UniqueIdentifier>
    </Filter>
    <Filter Include="Renderer">
      <UniqueIdentifier>{e282c464-c982-41a8-bf7d-3f4c4fa4d625}</UniqueIdentifier>
    </Filter>
    <Filter Include="Animation">
      <UniqueIdentifier>{84bf99cb-e062-4e56-98f1-640b46adc364}</UniqueIdentifier>
    </Filter>
    <Filter Include="Misc">
      <UniqueIdentifier>{4a172b19-207d-497e-8c48-3bacb734d726}</UniqueIdentifier>
    </Filter>
    <Filter Include="Renderer\D3D11">
      <UniqueIdentifier>{5388449c-5710-4534-97ae-d3f1bb94622b}</UniqueIdentifier>
    </Filter>
    <Filter Include="RenderObjects">
      <UniqueIdentifier>{599c69b1-43a5-41fc-a45e-52593db95d92}</UniqueIdentifier>
    </Filter>
    <Filter Include="Foundation">
      <UniqueIdentifier>{2a199b2f-de47-41b6-82de-22293dd0cd2b}</UniqueIdentifier>
    </Filter>
    <Filter Include="ScriptSystem">
      <UniqueIdentifier>{91734bd0-38b0-4952-8c7d-da3dca7a2db3}</UniqueIdentifier>
    </Filter>
    <Filter Include="Renderer\D3D9">
      <UniqueIdentifier>{297dcfdf-be85-4195-b3e5-54e3a02e6211}</UniqueIdentifier>
    </Filter>
    <Filter Include="Shaders">
      <UniqueIdentifier>{4d74c43e-9fd5-425e-bc6f-2b8a39eb8f3b}</UniqueIdentifier>
    </Filter>
  </ItemGroup>
  <ItemGroup>
    <None Include="Documents\dll.txt">
      <Filter>Document</Filter>
    </None>
    <None Include="Documents\terrain.txt">
      <Filter>Document</Filter>
    </None>
    <None Include="Shaders\BillboardQuad.hlsl">
      <Filter>Shaders</Filter>
    </None>
    <None Include="Shaders\BloomPS.hlsl">
      <Filter>Shaders</Filter>
    </None>
    <None Include="Shaders\CommonLighting.h">
      <Filter>Shaders</Filter>
    </None>
    <None Include="Shaders\CopyPS.hlsl">
      <Filter>Shaders</Filter>
    </None>
    <None Include="Shaders\depth.hlsl">
      <Filter>Shaders</Filter>
    </None>
    <None Include="Shaders\depth_cloud.hlsl">
      <Filter>Shaders</Filter>
    </None>
    <None Include="Shaders\DownScale2x2.hlsl">
      <Filter>Shaders</Filter>
    </None>
    <None Include="Shaders\DownScale2x2_Lum.hlsl">
      <Filter>Shaders</Filter>
    </None>
    <None Include="Shaders\DownScale3x3.hlsl">
      <Filter>Shaders</Filter>
    </None>
    <None Include="Shaders\dust.hlsl">
      <Filter>Shaders</Filter>
    </None>
    <None Include="Shaders\font.hlsl">
      <Filter>Shaders</Filter>
    </None>
    <None Include="Shaders\FullScreenQuadVS.hlsl">
      <Filter>Shaders</Filter>
    </None>
    <None Include="Shaders\GaussBlur5x5.hlsl">
      <Filter>Shaders</Filter>
    </None>
    <None Include="Shaders\GodRayPS.hlsl">
      <Filter>Shaders</Filter>
    </None>
    <None Include="Shaders\HdrLine.hlsl">
      <Filter>Shaders</Filter>
    </None>
    <None Include="Shaders\HighlightMesh.hlsl">
      <Filter>Shaders</Filter>
    </None>
    <None Include="Shaders\line.hlsl">
      <Filter>Shaders</Filter>
    </None>
    <None Include="Shaders\locator.hlsl">
      <Filter>Shaders</Filter>
    </None>
    <None Include="Shaders\LuminanceAvgPS.hlsl">
      <Filter>Shaders</Filter>
    </None>
    <None Include="Shaders\MergeTextures2PS.hlsl">
      <Filter>Shaders</Filter>
    </None>
    <None Include="Shaders\mesh.hlsl">
      <Filter>Shaders</Filter>
    </None>
    <None Include="Shaders\MeshPBR.hlsl">
      <Filter>Shaders</Filter>
    </None>
    <None Include="Shaders\ModulesImmutable.h">
      <Filter>Shaders</Filter>
    </None>
    <None Include="Shaders\OccPrePass.hlsl">
      <Filter>Shaders</Filter>
    </None>
    <None Include="Shaders\OccPrePassGS.hlsl">
      <Filter>Shaders</Filter>
    </None>
    <None Include="Shaders\particle.hlsl">
      <Filter>Shaders</Filter>
    </None>
    <None Include="Shaders\quad.hlsl">
      <Filter>Shaders</Filter>
    </None>
    <None Include="Shaders\SampleLumFinal.hlsl">
      <Filter>Shaders</Filter>
    </None>
    <None Include="Shaders\SampleLumFinalNew.hlsl">
      <Filter>Shaders</Filter>
    </None>
    <None Include="Shaders\SampleLumInitial.hlsl">
      <Filter>Shaders</Filter>
    </None>
    <None Include="Shaders\SampleLumInitialNew.hlsl">
      <Filter>Shaders</Filter>
    </None>
    <None Include="Shaders\SampleLumIterative.hlsl">
      <Filter>Shaders</Filter>
    </None>
    <None Include="Shaders\SampleLumIterativeNew.hlsl">
      <Filter>Shaders</Filter>
    </None>
    <None Include="Shaders\shadowdepth.hlsl">
      <Filter>Shaders</Filter>
    </None>
    <None Include="Shaders\silouette.hlsl">
      <Filter>Shaders</Filter>
    </None>
    <None Include="Shaders\skybox.hlsl">
      <Filter>Shaders</Filter>
    </None>
    <None Include="Shaders\SkySphere.hlsl">
      <Filter>Shaders</Filter>
    </None>
    <None Include="Shaders\SkySphere_notusing.hlsl">
      <Filter>Shaders</Filter>
    </None>
    <None Include="Shaders\star.hlsl">
      <Filter>Shaders</Filter>
    </None>
    <None Include="Shaders\StarGlare.hlsl">
      <Filter>Shaders</Filter>
    </None>
    <None Include="Shaders\terrain.hlsl">
      <Filter>Shaders</Filter>
    </None>
    <None Include="Shaders\ToneMapping.hlsl">
      <Filter>Shaders</Filter>
    </None>
    <None Include="Shaders\Constants.h">
      <Filter>Shaders</Filter>
    </None>
    <None Include="Shaders\ShaderCommon.h">
      <Filter>Shaders</Filter>
    </None>
    <None Include="Shaders\CommonDefines.h" />
    <None Include="Shaders\CommonFunctions.h" />
    <None Include="Shaders\BrightPassPS.hlsl" />
    <None Include="Shaders\CalculateAdaptedLum.hlsl" />
  </ItemGroup>
  <ItemGroup>
    <ClInclude Include="IRenderer.h" />
    <ClInclude Include="ISceneManager.h" />
    <ClInclude Include="IShader.h" />
    <ClInclude Include="ITerrain.h" />
    <ClInclude Include="IVertexBuffer.h" />
    <ClInclude Include="StdAfx.h" />
    <ClInclude Include="ICamera.h" />
    <ClInclude Include="IEngine.h" />
    <ClInclude Include="IIndexBuffer.h" />
    <ClInclude Include="IInputListener.h" />
    <ClInclude Include="IKeyboard.h" />
    <ClInclude Include="IMouse.h" />
    <ClInclude Include="IScene.h" />
    <ClInclude Include="IObject.h" />
    <ClInclude Include="IFont.h" />
    <ClInclude Include="ITexture.h" />
    <ClInclude Include="IMaterial.h" />
    <ClInclude Include="IInputLayout.h" />
    <ClInclude Include="ISkyBox.h" />
    <ClInclude Include="DllMain.h" />
    <ClInclude Include="IMeshObject.h" />
    <ClInclude Include="IConsole.h" />
    <ClInclude Include="IScriptSystem.h" />
    <ClInclude Include="IScript.h" />
    <ClInclude Include="IInputDevice.h" />
    <ClInclude Include="IDGenerator.h" />
    <ClInclude Include="IUIObject.h" />
    <ClInclude Include="GlobalEnv.h" />
    <ClInclude Include="IVoxelizer.h" />
    <ClInclude Include="IRenderToTexture.h" />
    <ClInclude Include="ILight.h" />
    <ClInclude Include="IColladaImporter.h" />
    <ClInclude Include="IDustRenderer.h" />
    <ClInclude Include="ISkySphere.h" />
    <ClInclude Include="IMeshGroup.h" />
    <ClInclude Include="IParticleEmitter.h" />
    <ClInclude Include="ILaserRenderer.h" />
    <ClInclude Include="IBillboardQuad.h" />
    <ClInclude Include="IEngineEventListener.h" />
    <ClInclude Include="ISceneListener.h" />
    <ClInclude Include="CollisionInfo.h" />
    <ClInclude Include="FBCollisionShape.h" />
    <ClInclude Include="TextTags.h" />
    <ClInclude Include="IPointLight.h" />
    <ClInclude Include="AnimationData.h">
      <Filter>Animation</Filter>
    </ClInclude>
    <ClInclude Include="Animation.h">
      <Filter>Animation</Filter>
    </ClInclude>
    <ClInclude Include="Engine.h">
      <Filter>Foundation</Filter>
    </ClInclude>
    <ClInclude Include="Keyboard.h">
      <Filter>Foundation</Filter>
    </ClInclude>
    <ClInclude Include="Mouse.h">
      <Filter>Foundation</Filter>
    </ClInclude>
    <ClInclude Include="Object.h">
      <Filter>Foundation</Filter>
    </ClInclude>
    <ClInclude Include="CandidatesData.h">
      <Filter>Misc</Filter>
    </ClInclude>
    <ClInclude Include="ColladaImporter.h">
      <Filter>Misc</Filter>
    </ClInclude>
    <ClInclude Include="ColorRamp.h">
      <Filter>Misc</Filter>
    </ClInclude>
    <ClInclude Include="Console.h">
      <Filter>Misc</Filter>
    </ClInclude>
    <ClInclude Include="EngineCommand.h">
      <Filter>Misc</Filter>
    </ClInclude>
    <ClInclude Include="ToolConn.h">
      <Filter>Misc</Filter>
    </ClInclude>
    <ClInclude Include="Voxelizer.h">
      <Filter>Misc</Filter>
    </ClInclude>
    <ClInclude Include="Material.h">
      <Filter>Renderer</Filter>
    </ClInclude>
    <ClInclude Include="ParticleEmitter.h">
      <Filter>Renderer</Filter>
    </ClInclude>
    <ClInclude Include="ParticleEnum.h">
      <Filter>Renderer</Filter>
    </ClInclude>
    <ClInclude Include="ParticleManager.h">
      <Filter>Renderer</Filter>
    </ClInclude>
    <ClInclude Include="PointLight.h">
      <Filter>Renderer</Filter>
    </ClInclude>
    <ClInclude Include="PointLightMan.h">
      <Filter>Renderer</Filter>
    </ClInclude>
    <ClInclude Include="Renderer.h">
      <Filter>Renderer</Filter>
    </ClInclude>
    <ClInclude Include="RendererEnums.h">
      <Filter>Renderer</Filter>
    </ClInclude>
    <ClInclude Include="RendererStructs.h">
      <Filter>Renderer</Filter>
    </ClInclude>
    <ClInclude Include="RenderToTexture.h">
      <Filter>Renderer</Filter>
    </ClInclude>
    <ClInclude Include="Shader.h">
      <Filter>Renderer</Filter>
    </ClInclude>
    <ClInclude Include="StarDef.h">
      <Filter>Renderer</Filter>
    </ClInclude>
    <ClInclude Include="Texture.h">
      <Filter>Renderer</Filter>
    </ClInclude>
    <ClInclude Include="TextureUtil.h">
      <Filter>Renderer</Filter>
    </ClInclude>
    <ClInclude Include="VertexBuffer.h">
      <Filter>Renderer</Filter>
    </ClInclude>
    <ClInclude Include="VolumetricCloud.h">
      <Filter>Renderer</Filter>
    </ClInclude>
    <ClInclude Include="Camera.h">
      <Filter>Renderer</Filter>
    </ClInclude>
    <ClInclude Include="CloudManager.h">
      <Filter>Renderer</Filter>
    </ClInclude>
    <ClInclude Include="CloudParticle.h">
      <Filter>Renderer</Filter>
    </ClInclude>
    <ClInclude Include="CloudSimulation.h">
      <Filter>Renderer</Filter>
    </ClInclude>
    <ClInclude Include="D3DEventMarker.h">
      <Filter>Renderer</Filter>
    </ClInclude>
    <ClInclude Include="Font.h">
      <Filter>Renderer</Filter>
    </ClInclude>
    <ClInclude Include="Inputlayout.h">
      <Filter>Renderer</Filter>
    </ClInclude>
    <ClInclude Include="IRenderState.h">
      <Filter>Renderer</Filter>
    </ClInclude>
    <ClInclude Include="Light.h">
      <Filter>Renderer</Filter>
    </ClInclude>
    <ClInclude Include="ConvertEnumD3D11.h">
      <Filter>Renderer\D3D11</Filter>
    </ClInclude>
    <ClInclude Include="ConvertStructD3D11.h">
      <Filter>Renderer\D3D11</Filter>
    </ClInclude>
    <ClInclude Include="IndexBufferD3D11.h">
      <Filter>Renderer\D3D11</Filter>
    </ClInclude>
    <ClInclude Include="InputLayoutD3D11.h">
      <Filter>Renderer\D3D11</Filter>
    </ClInclude>
    <ClInclude Include="RendererD3D11.h">
      <Filter>Renderer\D3D11</Filter>
    </ClInclude>
    <ClInclude Include="RenderStateD3D11.h">
      <Filter>Renderer\D3D11</Filter>
    </ClInclude>
    <ClInclude Include="RenderToTextureD3D11.h">
      <Filter>Renderer\D3D11</Filter>
    </ClInclude>
    <ClInclude Include="ShaderD3D11.h">
      <Filter>Renderer\D3D11</Filter>
    </ClInclude>
    <ClInclude Include="TextureD3D11.h">
      <Filter>Renderer\D3D11</Filter>
    </ClInclude>
    <ClInclude Include="VertexBufferD3D11.h">
      <Filter>Renderer\D3D11</Filter>
    </ClInclude>
    <ClInclude Include="RendererD3D9.h">
      <Filter>Renderer\D3D9</Filter>
    </ClInclude>
    <ClInclude Include="BillboardQuad.h">
      <Filter>RenderObjects</Filter>
    </ClInclude>
    <ClInclude Include="DebugHud.h">
      <Filter>RenderObjects</Filter>
    </ClInclude>
    <ClInclude Include="DustRenderer.h">
      <Filter>RenderObjects</Filter>
    </ClInclude>
    <ClInclude Include="GeometryRenderer.h">
      <Filter>RenderObjects</Filter>
    </ClInclude>
    <ClInclude Include="LaserRenderer.h">
      <Filter>RenderObjects</Filter>
    </ClInclude>
    <ClInclude Include="MeshGroup.h">
      <Filter>RenderObjects</Filter>
    </ClInclude>
    <ClInclude Include="MeshObject.h">
      <Filter>RenderObjects</Filter>
    </ClInclude>
    <ClInclude Include="ParticleRenderObject.h">
      <Filter>RenderObjects</Filter>
    </ClInclude>
    <ClInclude Include="SkyBox.h">
      <Filter>RenderObjects</Filter>
    </ClInclude>
    <ClInclude Include="SkySphere.h">
      <Filter>RenderObjects</Filter>
    </ClInclude>
    <ClInclude Include="Terrain.h">
      <Filter>RenderObjects</Filter>
    </ClInclude>
    <ClInclude Include="TerrainPatch.h">
      <Filter>RenderObjects</Filter>
    </ClInclude>
    <ClInclude Include="UI3DObj.h">
      <Filter>RenderObjects</Filter>
    </ClInclude>
    <ClInclude Include="UIObject.h">
      <Filter>RenderObjects</Filter>
    </ClInclude>
    <ClInclude Include="Scene.h">
      <Filter>SceneGraph</Filter>
    </ClInclude>
    <ClInclude Include="SpatialObject.h">
      <Filter>SceneGraph</Filter>
    </ClInclude>
    <ClInclude Include="ScriptSystem.h">
      <Filter>ScriptSystem</Filter>
    </ClInclude>
  </ItemGroup>
  <ItemGroup>
    <ClCompile Include="StdAfx.cpp" />
    <ClCompile Include="DLLMain.cpp" />
    <ClCompile Include="FBCollisionShape.cpp" />
    <ClCompile Include="AnimationData.cpp">
      <Filter>Animation</Filter>
    </ClCompile>
    <ClCompile Include="Animation.cpp">
      <Filter>Animation</Filter>
    </ClCompile>
    <ClCompile Include="Engine.cpp">
      <Filter>Foundation</Filter>
    </ClCompile>
    <ClCompile Include="Keyboard.cpp">
      <Filter>Foundation</Filter>
    </ClCompile>
    <ClCompile Include="Mouse.cpp">
      <Filter>Foundation</Filter>
    </ClCompile>
    <ClCompile Include="Object.cpp">
      <Filter>Foundation</Filter>
    </ClCompile>
    <ClCompile Include="ColladaImporter.cpp">
      <Filter>Misc</Filter>
    </ClCompile>
    <ClCompile Include="ColorRamp.cpp">
      <Filter>Misc</Filter>
    </ClCompile>
    <ClCompile Include="Console.cpp">
      <Filter>Misc</Filter>
    </ClCompile>
    <ClCompile Include="EngineCommand.cpp">
      <Filter>Misc</Filter>
    </ClCompile>
    <ClCompile Include="ToolConn.cpp">
      <Filter>Misc</Filter>
    </ClCompile>
    <ClCompile Include="Voxelizer.cpp">
      <Filter>Misc</Filter>
    </ClCompile>
    <ClCompile Include="CandidatesData.cpp">
      <Filter>Misc</Filter>
    </ClCompile>
    <ClCompile Include="Material.cpp">
      <Filter>Renderer</Filter>
    </ClCompile>
    <ClCompile Include="ParticleEmitter.cpp">
      <Filter>Renderer</Filter>
    </ClCompile>
    <ClCompile Include="ParticleManager.cpp">
      <Filter>Renderer</Filter>
    </ClCompile>
    <ClCompile Include="PointLight.cpp">
      <Filter>Renderer</Filter>
    </ClCompile>
    <ClCompile Include="PointLightMan.cpp">
      <Filter>Renderer</Filter>
    </ClCompile>
    <ClCompile Include="Renderer.cpp">
      <Filter>Renderer</Filter>
    </ClCompile>
    <ClCompile Include="RenderToTexture.cpp">
      <Filter>Renderer</Filter>
    </ClCompile>
    <ClCompile Include="Shader.cpp">
      <Filter>Renderer</Filter>
    </ClCompile>
    <ClCompile Include="StarDef.cpp">
      <Filter>Renderer</Filter>
    </ClCompile>
    <ClCompile Include="Texture.cpp">
      <Filter>Renderer</Filter>
    </ClCompile>
    <ClCompile Include="TextureUtil.cpp">
      <Filter>Renderer</Filter>
    </ClCompile>
    <ClCompile Include="VertexBuffer.cpp">
      <Filter>Renderer</Filter>
    </ClCompile>
    <ClCompile Include="VolumetricCloud.cpp">
      <Filter>Renderer</Filter>
    </ClCompile>
    <ClCompile Include="Camera.cpp">
      <Filter>Renderer</Filter>
    </ClCompile>
    <ClCompile Include="CloudManager.cpp">
      <Filter>Renderer</Filter>
    </ClCompile>
    <ClCompile Include="CloudParticle.cpp">
      <Filter>Renderer</Filter>
    </ClCompile>
    <ClCompile Include="CloudSimulation.cpp">
      <Filter>Renderer</Filter>
    </ClCompile>
    <ClCompile Include="D3DEventMarker.cpp">
      <Filter>Renderer</Filter>
    </ClCompile>
    <ClCompile Include="Font.cpp">
      <Filter>Renderer</Filter>
    </ClCompile>
    <ClCompile Include="InputLayout.cpp">
      <Filter>Renderer</Filter>
    </ClCompile>
    <ClCompile Include="Light.cpp">
      <Filter>Renderer</Filter>
    </ClCompile>
    <ClCompile Include="IndexBufferD3D11.cpp">
      <Filter>Renderer\D3D11</Filter>
    </ClCompile>
    <ClCompile Include="InputLayoutD3D11.cpp">
      <Filter>Renderer\D3D11</Filter>
    </ClCompile>
    <ClCompile Include="RendererD3D11.cpp">
      <Filter>Renderer\D3D11</Filter>
    </ClCompile>
    <ClCompile Include="RenderStateD3D11.cpp">
      <Filter>Renderer\D3D11</Filter>
    </ClCompile>
    <ClCompile Include="RenderToTextureD3D11.cpp">
      <Filter>Renderer\D3D11</Filter>
    </ClCompile>
    <ClCompile Include="ShaderD3D11.cpp">
      <Filter>Renderer\D3D11</Filter>
    </ClCompile>
    <ClCompile Include="TextureD3D11.cpp">
      <Filter>Renderer\D3D11</Filter>
    </ClCompile>
    <ClCompile Include="VertexBufferD3D11.cpp">
      <Filter>Renderer\D3D11</Filter>
    </ClCompile>
    <ClCompile Include="RendererD3D9.cpp">
      <Filter>Renderer\D3D9</Filter>
    </ClCompile>
    <ClCompile Include="BillboardQuad.cpp">
      <Filter>RenderObjects</Filter>
    </ClCompile>
    <ClCompile Include="DebugHud.cpp">
      <Filter>RenderObjects</Filter>
    </ClCompile>
    <ClCompile Include="DustRenderer.cpp">
      <Filter>RenderObjects</Filter>
    </ClCompile>
    <ClCompile Include="GeometryRenderer.cpp">
      <Filter>RenderObjects</Filter>
    </ClCompile>
    <ClCompile Include="LaserRenderer.cpp">
      <Filter>RenderObjects</Filter>
    </ClCompile>
    <ClCompile Include="MeshGroup.cpp">
      <Filter>RenderObjects</Filter>
    </ClCompile>
    <ClCompile Include="MeshObject.cpp">
      <Filter>RenderObjects</Filter>
    </ClCompile>
    <ClCompile Include="ParticleRenderObject.cpp">
      <Filter>RenderObjects</Filter>
    </ClCompile>
    <ClCompile Include="SkyBox.cpp">
      <Filter>RenderObjects</Filter>
    </ClCompile>
    <ClCompile Include="SkySphere.cpp">
      <Filter>RenderObjects</Filter>
    </ClCompile>
    <ClCompile Include="Terrain.cpp">
      <Filter>RenderObjects</Filter>
    </ClCompile>
    <ClCompile Include="TerrainPatch.cpp">
      <Filter>RenderObjects</Filter>
    </ClCompile>
    <ClCompile Include="UI3DObj.cpp">
      <Filter>RenderObjects</Filter>
    </ClCompile>
    <ClCompile Include="UIObject.cpp">
      <Filter>RenderObjects</Filter>
    </ClCompile>
    <ClCompile Include="Scene.cpp">
      <Filter>SceneGraph</Filter>
    </ClCompile>
    <ClCompile Include="SpatialObject.cpp">
      <Filter>SceneGraph</Filter>
    </ClCompile>
    <ClCompile Include="LuaExports.cpp">
      <Filter>ScriptSystem</Filter>
    </ClCompile>
    <ClCompile Include="ScriptSystem.cpp">
      <Filter>ScriptSystem</Filter>
    </ClCompile>
    <ClCompile Include="IRenderState.cpp">
      <Filter>Renderer</Filter>
    </ClCompile>
    <ClCompile Include="RendererEnums.cpp">
      <Filter>Renderer</Filter>
    </ClCompile>
  </ItemGroup>
</Project>